
Microsoft Visual Studio Solution File, Format Version 12.00
# Visual Studio 15
VisualStudioVersion = 15.0.27428.2027
MinimumVisualStudioVersion = 10.0.40219.1
Project("{9A19103F-16F7-4668-BE54-9A1E7A4F7556}") = "VDS", "Core\VDS\VDS.csproj", "{9AC1F1FE-6161-4F88-8C93-48C50D9649D9}"
EndProject
Project("{9A19103F-16F7-4668-BE54-9A1E7A4F7556}") = "VDS.Common", "Core\VDS.Common\VDS.Common.csproj", "{9B832202-1C80-4F39-997F-5BFF79C3871C}"
EndProject
Project("{9A19103F-16F7-4668-BE54-9A1E7A4F7556}") = "VDS.AspNetCore", "Core\VDS.AspNetCore\VDS.AspNetCore.csproj", "{6773CDFD-3006-4F5B-82F4-90A5437925DF}"
EndProject
Project("{9A19103F-16F7-4668-BE54-9A1E7A4F7556}") = "VDS.IdentityServer4", "Core\VDS.IdentityServer4\VDS.IdentityServer4.csproj", "{D52A9738-43F7-46B5-9846-44A88F4FDD4F}"
EndProject
Project("{9A19103F-16F7-4668-BE54-9A1E7A4F7556}") = "VDS.IdentityServer4.EntityFrameworkCore", "Core\VDS.IdentityServer4.EntityFrameworkCore\VDS.IdentityServer4.EntityFrameworkCore.csproj", "{63B25590-5454-470C-A908-146E1235B059}"
EndProject
Project("{9A19103F-16F7-4668-BE54-9A1E7A4F7556}") = "VDS.Storage.EntityFrameworkCore", "Core\VDS.Storage.EntityFrameworkCore\VDS.Storage.EntityFrameworkCore.csproj", "{367C24A6-F654-4938-9767-236C0767C299}"
EndProject
Project("{2150E333-8FDC-42A3-9474-1A3956D46DE8}") = "Core", "Core", "{D1F30614-CFDA-4C04-9308-627A87AC1F0B}"
EndProject
Project("{9A19103F-16F7-4668-BE54-9A1E7A4F7556}") = "AuthServer", "AuthServer\AuthServer.csproj", "{D565B0FB-9CE8-4AFC-81A4-D8E03761277D}"
EndProject
Project("{9A19103F-16F7-4668-BE54-9A1E7A4F7556}") = "ApiServer", "ApiServer\ApiServer.csproj", "{2551FE01-E7D2-4601-A6D3-FE58A8B047A1}"
EndProject
Global
	GlobalSection(SolutionConfigurationPlatforms) = preSolution
		Debug|Any CPU = Debug|Any CPU
		Release|Any CPU = Release|Any CPU
	EndGlobalSection
	GlobalSection(ProjectConfigurationPlatforms) = postSolution
		{9AC1F1FE-6161-4F88-8C93-48C50D9649D9}.Debug|Any CPU.ActiveCfg = Debug|Any CPU
		{9AC1F1FE-6161-4F88-8C93-48C50D9649D9}.Debug|Any CPU.Build.0 = Debug|Any CPU
		{9AC1F1FE-6161-4F88-8C93-48C50D9649D9}.Release|Any CPU.ActiveCfg = Release|Any CPU
		{9AC1F1FE-6161-4F88-8C93-48C50D9649D9}.Release|Any CPU.Build.0 = Release|Any CPU
		{9B832202-1C80-4F39-997F-5BFF79C3871C}.Debug|Any CPU.ActiveCfg = Debug|Any CPU
		{9B832202-1C80-4F39-997F-5BFF79C3871C}.Debug|Any CPU.Build.0 = Debug|Any CPU
		{9B832202-1C80-4F39-997F-5BFF79C3871C}.Release|Any CPU.ActiveCfg = Release|Any CPU
		{9B832202-1C80-4F39-997F-5BFF79C3871C}.Release|Any CPU.Build.0 = Release|Any CPU
		{6773CDFD-3006-4F5B-82F4-90A5437925DF}.Debug|Any CPU.ActiveCfg = Debug|Any CPU
		{6773CDFD-3006-4F5B-82F4-90A5437925DF}.Debug|Any CPU.Build.0 = Debug|Any CPU
		{6773CDFD-3006-4F5B-82F4-90A5437925DF}.Release|Any CPU.ActiveCfg = Release|Any CPU
		{6773CDFD-3006-4F5B-82F4-90A5437925DF}.Release|Any CPU.Build.0 = Release|Any CPU
		{D52A9738-43F7-46B5-9846-44A88F4FDD4F}.Debug|Any CPU.ActiveCfg = Debug|Any CPU
		{D52A9738-43F7-46B5-9846-44A88F4FDD4F}.Debug|Any CPU.Build.0 = Debug|Any CPU
		{D52A9738-43F7-46B5-9846-44A88F4FDD4F}.Release|Any CPU.ActiveCfg = Release|Any CPU
		{D52A9738-43F7-46B5-9846-44A88F4FDD4F}.Release|Any CPU.Build.0 = Release|Any CPU
		{63B25590-5454-470C-A908-146E1235B059}.Debug|Any CPU.ActiveCfg = Debug|Any CPU
		{63B25590-5454-470C-A908-146E1235B059}.Debug|Any CPU.Build.0 = Debug|Any CPU
		{63B25590-5454-470C-A908-146E1235B059}.Release|Any CPU.ActiveCfg = Release|Any CPU
		{63B25590-5454-470C-A908-146E1235B059}.Release|Any CPU.Build.0 = Release|Any CPU
		{367C24A6-F654-4938-9767-236C0767C299}.Debug|Any CPU.ActiveCfg = Debug|Any CPU
		{367C24A6-F654-4938-9767-236C0767C299}.Debug|Any CPU.Build.0 = Debug|Any CPU
		{367C24A6-F654-4938-9767-236C0767C299}.Release|Any CPU.ActiveCfg = Release|Any CPU
		{367C24A6-F654-4938-9767-236C0767C299}.Release|Any CPU.Build.0 = Release|Any CPU
		{D565B0FB-9CE8-4AFC-81A4-D8E03761277D}.Debug|Any CPU.ActiveCfg = Debug|Any CPU
		{D565B0FB-9CE8-4AFC-81A4-D8E03761277D}.Debug|Any CPU.Build.0 = Debug|Any CPU
		{D565B0FB-9CE8-4AFC-81A4-D8E03761277D}.Release|Any CPU.ActiveCfg = Release|Any CPU
		{D565B0FB-9CE8-4AFC-81A4-D8E03761277D}.Release|Any CPU.Build.0 = Release|Any CPU
		{2551FE01-E7D2-4601-A6D3-FE58A8B047A1}.Debug|Any CPU.ActiveCfg = Debug|Any CPU
		{2551FE01-E7D2-4601-A6D3-FE58A8B047A1}.Debug|Any CPU.Build.0 = Debug|Any CPU
		{2551FE01-E7D2-4601-A6D3-FE58A8B047A1}.Release|Any CPU.ActiveCfg = Release|Any CPU
		{2551FE01-E7D2-4601-A6D3-FE58A8B047A1}.Release|Any CPU.Build.0 = Release|Any CPU
	EndGlobalSection
	GlobalSection(SolutionProperties) = preSolution
		HideSolutionNode = FALSE
	EndGlobalSection
	GlobalSection(NestedProjects) = preSolution
		{9AC1F1FE-6161-4F88-8C93-48C50D9649D9} = {D1F30614-CFDA-4C04-9308-627A87AC1F0B}
		{9B832202-1C80-4F39-997F-5BFF79C3871C} = {D1F30614-CFDA-4C04-9308-627A87AC1F0B}
		{6773CDFD-3006-4F5B-82F4-90A5437925DF} = {D1F30614-CFDA-4C04-9308-627A87AC1F0B}
		{D52A9738-43F7-46B5-9846-44A88F4FDD4F} = {D1F30614-CFDA-4C04-9308-627A87AC1F0B}
		{63B25590-5454-470C-A908-146E1235B059} = {D1F30614-CFDA-4C04-9308-627A87AC1F0B}
		{367C24A6-F654-4938-9767-236C0767C299} = {D1F30614-CFDA-4C04-9308-627A87AC1F0B}
	EndGlobalSection
	GlobalSection(ExtensibilityGlobals) = postSolution
		SolutionGuid = {26DEA750-A098-47DD-89D6-8E07569D257B}
	EndGlobalSection
EndGlobal
